// !$*UTF8*$!
{
	archiveVersion = 1;
	classes = {
	};
	objectVersion = 51;
	objects = {

/* Begin PBXBuildFile section */
		76DB86B36F336BB45CCA729F /* Pods_AlphaTodoList.framework in Frameworks */ = {isa = PBXBuildFile; fileRef = 4C64BCDA28D7A596986E91E2 /* Pods_AlphaTodoList.framework */; };
		8B080D902656513B00FAAB84 /* AppDelegate.swift in Sources */ = {isa = PBXBuildFile; fileRef = 8B080D8F2656513B00FAAB84 /* AppDelegate.swift */; };
		8B080D922656513B00FAAB84 /* SceneDelegate.swift in Sources */ = {isa = PBXBuildFile; fileRef = 8B080D912656513B00FAAB84 /* SceneDelegate.swift */; };
		8B080D972656513B00FAAB84 /* Main.storyboard in Resources */ = {isa = PBXBuildFile; fileRef = 8B080D952656513B00FAAB84 /* Main.storyboard */; };
		8B080D992656514200FAAB84 /* Assets.xcassets in Resources */ = {isa = PBXBuildFile; fileRef = 8B080D982656514200FAAB84 /* Assets.xcassets */; };
		8B080D9C2656514200FAAB84 /* LaunchScreen.storyboard in Resources */ = {isa = PBXBuildFile; fileRef = 8B080D9A2656514200FAAB84 /* LaunchScreen.storyboard */; };
		8B080DA7265658C600FAAB84 /* CategoryViewController.swift in Sources */ = {isa = PBXBuildFile; fileRef = 8B080DA6265658C600FAAB84 /* CategoryViewController.swift */; };
		8B080DA92656598200FAAB84 /* SwipeTableViewController.swift in Sources */ = {isa = PBXBuildFile; fileRef = 8B080DA82656598200FAAB84 /* SwipeTableViewController.swift */; };
		8B080DAC26565D7E00FAAB84 /* Category.swift in Sources */ = {isa = PBXBuildFile; fileRef = 8B080DAB26565D7E00FAAB84 /* Category.swift */; };
		8B080DAE26565D8E00FAAB84 /* Item.swift in Sources */ = {isa = PBXBuildFile; fileRef = 8B080DAD26565D8E00FAAB84 /* Item.swift */; };
		8B080DB0265675B500FAAB84 /* TodoListViewController.swift in Sources */ = {isa = PBXBuildFile; fileRef = 8B080DAF265675B500FAAB84 /* TodoListViewController.swift */; };
/* End PBXBuildFile section */

/* Begin PBXFileReference section */
		4C64BCDA28D7A596986E91E2 /* Pods_AlphaTodoList.framework */ = {isa = PBXFileReference; explicitFileType = wrapper.framework; includeInIndex = 0; path = Pods_AlphaTodoList.framework; sourceTree = BUILT_PRODUCTS_DIR; };
		8B080D8C2656513B00FAAB84 /* AlphaTodoList.app */ = {isa = PBXFileReference; explicitFileType = wrapper.application; includeInIndex = 0; path = AlphaTodoList.app; sourceTree = BUILT_PRODUCTS_DIR; };
		8B080D8F2656513B00FAAB84 /* AppDelegate.swift */ = {isa = PBXFileReference; lastKnownFileType = sourcecode.swift; path = AppDelegate.swift; sourceTree = "<group>"; };
		8B080D912656513B00FAAB84 /* SceneDelegate.swift */ = {isa = PBXFileReference; lastKnownFileType = sourcecode.swift; path = SceneDelegate.swift; sourceTree = "<group>"; };
		8B080D962656513B00FAAB84 /* Base */ = {isa = PBXFileReference; lastKnownFileType = file.storyboard; name = Base; path = Base.lproj/Main.storyboard; sourceTree = "<group>"; };
		8B080D982656514200FAAB84 /* Assets.xcassets */ = {isa = PBXFileReference; lastKnownFileType = folder.assetcatalog; path = Assets.xcassets; sourceTree = "<group>"; };
		8B080D9B2656514200FAAB84 /* Base */ = {isa = PBXFileReference; lastKnownFileType = file.storyboard; name = Base; path = Base.lproj/LaunchScreen.storyboard; sourceTree = "<group>"; };
		8B080D9D2656514200FAAB84 /* Info.plist */ = {isa = PBXFileReference; lastKnownFileType = text.plist.xml; path = Info.plist; sourceTree = "<group>"; };
		8B080DA6265658C600FAAB84 /* CategoryViewController.swift */ = {isa = PBXFileReference; lastKnownFileType = sourcecode.swift; path = CategoryViewController.swift; sourceTree = "<group>"; };
		8B080DA82656598200FAAB84 /* SwipeTableViewController.swift */ = {isa = PBXFileReference; lastKnownFileType = sourcecode.swift; path = SwipeTableViewController.swift; sourceTree = "<group>"; };
		8B080DAB26565D7E00FAAB84 /* Category.swift */ = {isa = PBXFileReference; lastKnownFileType = sourcecode.swift; path = Category.swift; sourceTree = "<group>"; };
		8B080DAD26565D8E00FAAB84 /* Item.swift */ = {isa = PBXFileReference; lastKnownFileType = sourcecode.swift; path = Item.swift; sourceTree = "<group>"; };
		8B080DAF265675B500FAAB84 /* TodoListViewController.swift */ = {isa = PBXFileReference; lastKnownFileType = sourcecode.swift; path = TodoListViewController.swift; sourceTree = "<group>"; };
		B5144B7D67AA0AFA779828B6 /* Pods-AlphaTodoList.release.xcconfig */ = {isa = PBXFileReference; includeInIndex = 1; lastKnownFileType = text.xcconfig; name = "Pods-AlphaTodoList.release.xcconfig"; path = "Target Support Files/Pods-AlphaTodoList/Pods-AlphaTodoList.release.xcconfig"; sourceTree = "<group>"; };
		B7707D29D98BC7CCFA6D68C6 /* Pods-AlphaTodoList.debug.xcconfig */ = {isa = PBXFileReference; includeInIndex = 1; lastKnownFileType = text.xcconfig; name = "Pods-AlphaTodoList.debug.xcconfig"; path = "Target Support Files/Pods-AlphaTodoList/Pods-AlphaTodoList.debug.xcconfig"; sourceTree = "<group>"; };
/* End PBXFileReference section */

/* Begin PBXFrameworksBuildPhase section */
		8B080D892656513B00FAAB84 /* Frameworks */ = {
			isa = PBXFrameworksBuildPhase;
			buildActionMask = 2147483647;
			files = (
				76DB86B36F336BB45CCA729F /* Pods_AlphaTodoList.framework in Frameworks */,
			);
			runOnlyForDeploymentPostprocessing = 0;
		};
/* End PBXFrameworksBuildPhase section */

/* Begin PBXGroup section */
		8B080D832656513A00FAAB84 = {
			isa = PBXGroup;
			children = (
				8B080D8E2656513B00FAAB84 /* AlphaTodoList */,
				8B080D8D2656513B00FAAB84 /* Products */,
				9E7437AE41E55F6F96809113 /* Pods */,
				F4725666E8363CE2BAE01506 /* Frameworks */,
			);
			sourceTree = "<group>";
		};
		8B080D8D2656513B00FAAB84 /* Products */ = {
			isa = PBXGroup;
			children = (
				8B080D8C2656513B00FAAB84 /* AlphaTodoList.app */,
			);
			name = Products;
			sourceTree = "<group>";
		};
		8B080D8E2656513B00FAAB84 /* AlphaTodoList */ = {
			isa = PBXGroup;
			children = (
				8B080DAA26565D6A00FAAB84 /* Models */,
				8B080DA5265651FF00FAAB84 /* Controllers */,
				8B080DA4265651EA00FAAB84 /* Views */,
				8B080DA32656515B00FAAB84 /* Supporting Files */,
				8B080D8F2656513B00FAAB84 /* AppDelegate.swift */,
				8B080D912656513B00FAAB84 /* SceneDelegate.swift */,
				8B080D9D2656514200FAAB84 /* Info.plist */,
			);
			path = AlphaTodoList;
			sourceTree = "<group>";
		};
		8B080DA32656515B00FAAB84 /* Supporting Files */ = {
			isa = PBXGroup;
			children = (
				8B080D982656514200FAAB84 /* Assets.xcassets */,
				8B080D9A2656514200FAAB84 /* LaunchScreen.storyboard */,
			);
			path = "Supporting Files";
			sourceTree = "<group>";
		};
		8B080DA4265651EA00FAAB84 /* Views */ = {
			isa = PBXGroup;
			children = (
				8B080D952656513B00FAAB84 /* Main.storyboard */,
			);
			path = Views;
			sourceTree = "<group>";
		};
		8B080DA5265651FF00FAAB84 /* Controllers */ = {
			isa = PBXGroup;
			children = (
				8B080DA6265658C600FAAB84 /* CategoryViewController.swift */,
				8B080DA82656598200FAAB84 /* SwipeTableViewController.swift */,
				8B080DAF265675B500FAAB84 /* TodoListViewController.swift */,
			);
			path = Controllers;
			sourceTree = "<group>";
		};
		8B080DAA26565D6A00FAAB84 /* Models */ = {
			isa = PBXGroup;
			children = (
				8B080DAB26565D7E00FAAB84 /* Category.swift */,
				8B080DAD26565D8E00FAAB84 /* Item.swift */,
			);
			path = Models;
			sourceTree = "<group>";
		};
		9E7437AE41E55F6F96809113 /* Pods */ = {
			isa = PBXGroup;
			children = (
				B7707D29D98BC7CCFA6D68C6 /* Pods-AlphaTodoList.debug.xcconfig */,
				B5144B7D67AA0AFA779828B6 /* Pods-AlphaTodoList.release.xcconfig */,
			);
			path = Pods;
			sourceTree = "<group>";
		};
		F4725666E8363CE2BAE01506 /* Frameworks */ = {
			isa = PBXGroup;
			children = (
				4C64BCDA28D7A596986E91E2 /* Pods_AlphaTodoList.framework */,
			);
			name = Frameworks;
			sourceTree = "<group>";
		};
/* End PBXGroup section */

/* Begin PBXNativeTarget section */
		8B080D8B2656513B00FAAB84 /* AlphaTodoList */ = {
			isa = PBXNativeTarget;
			buildConfigurationList = 8B080DA02656514200FAAB84 /* Build configuration list for PBXNativeTarget "AlphaTodoList" */;
			buildPhases = (
				971BD0D88F1984C10B874806 /* [CP] Check Pods Manifest.lock */,
				8B080D882656513B00FAAB84 /* Sources */,
				8B080D892656513B00FAAB84 /* Frameworks */,
				8B080D8A2656513B00FAAB84 /* Resources */,
				F07B373775A749734FB6DA33 /* [CP] Embed Pods Frameworks */,
			);
			buildRules = (
			);
			dependencies = (
			);
			name = AlphaTodoList;
			productName = AlphaTodoList;
			productReference = 8B080D8C2656513B00FAAB84 /* AlphaTodoList.app */;
			productType = "com.apple.product-type.application";
		};
/* End PBXNativeTarget section */

/* Begin PBXProject section */
		8B080D842656513A00FAAB84 /* Project object */ = {
			isa = PBXProject;
			attributes = {
				LastSwiftUpdateCheck = 1250;
				LastUpgradeCheck = 1250;
				TargetAttributes = {
					8B080D8B2656513B00FAAB84 = {
						CreatedOnToolsVersion = 12.5;
					};
				};
			};
			buildConfigurationList = 8B080D872656513A00FAAB84 /* Build configuration list for PBXProject "AlphaTodoList" */;
			compatibilityVersion = "Xcode 9.3";
			developmentRegion = en;
			hasScannedForEncodings = 0;
			knownRegions = (
				en,
				Base,
			);
			mainGroup = 8B080D832656513A00FAAB84;
			productRefGroup = 8B080D8D2656513B00FAAB84 /* Products */;
			projectDirPath = "";
			projectRoot = "";
			targets = (
				8B080D8B2656513B00FAAB84 /* AlphaTodoList */,
			);
		};
/* End PBXProject section */

/* Begin PBXResourcesBuildPhase section */
		8B080D8A2656513B00FAAB84 /* Resources */ = {
			isa = PBXResourcesBuildPhase;
			buildActionMask = 2147483647;
			files = (
				8B080D9C2656514200FAAB84 /* LaunchScreen.storyboard in Resources */,
				8B080D992656514200FAAB84 /* Assets.xcassets in Resources */,
				8B080D972656513B00FAAB84 /* Main.storyboard in Resources */,
			);
			runOnlyForDeploymentPostprocessing = 0;
		};
/* End PBXResourcesBuildPhase section */

/* Begin PBXShellScriptBuildPhase section */
		971BD0D88F1984C10B874806 /* [CP] Check Pods Manifest.lock */ = {
			isa = PBXShellScriptBuildPhase;
			buildActionMask = 2147483647;
			files = (
			);
			inputFileListPaths = (
			);
			inputPaths = (
				"${PODS_PODFILE_DIR_PATH}/Podfile.lock",
				"${PODS_ROOT}/Manifest.lock",
			);
			name = "[CP] Check Pods Manifest.lock";
			outputFileListPaths = (
			);
			outputPaths = (
				"$(DERIVED_FILE_DIR)/Pods-AlphaTodoList-checkManifestLockResult.txt",
			);
			runOnlyForDeploymentPostprocessing = 0;
			shellPath = /bin/sh;
			shellScript = "diff \"${PODS_PODFILE_DIR_PATH}/Podfile.lock\" \"${PODS_ROOT}/Manifest.lock\" > /dev/null\nif [ $? != 0 ] ; then\n    # print error to STDERR\n    echo \"error: The sandbox is not in sync with the Podfile.lock. Run 'pod install' or update your CocoaPods installation.\" >&2\n    exit 1\nfi\n# This output is used by Xcode 'outputs' to avoid re-running this script phase.\necho \"SUCCESS\" > \"${SCRIPT_OUTPUT_FILE_0}\"\n";
			showEnvVarsInLog = 0;
		};
		F07B373775A749734FB6DA33 /* [CP] Embed Pods Frameworks */ = {
			isa = PBXShellScriptBuildPhase;
			buildActionMask = 2147483647;
			files = (
			);
			inputFileListPaths = (
				"${PODS_ROOT}/Target Support Files/Pods-AlphaTodoList/Pods-AlphaTodoList-frameworks-${CONFIGURATION}-input-files.xcfilelist",
			);
			name = "[CP] Embed Pods Frameworks";
			outputFileListPaths = (
				"${PODS_ROOT}/Target Support Files/Pods-AlphaTodoList/Pods-AlphaTodoList-frameworks-${CONFIGURATION}-output-files.xcfilelist",
			);
			runOnlyForDeploymentPostprocessing = 0;
			shellPath = /bin/sh;
			shellScript = "\"${PODS_ROOT}/Target Support Files/Pods-AlphaTodoList/Pods-AlphaTodoList-frameworks.sh\"\n";
			showEnvVarsInLog = 0;
		};
/* End PBXShellScriptBuildPhase section */

/* Begin PBXSourcesBuildPhase section */
		8B080D882656513B00FAAB84 /* Sources */ = {
			isa = PBXSourcesBuildPhase;
			buildActionMask = 2147483647;
			files = (
				8B080DA92656598200FAAB84 /* SwipeTableViewController.swift in Sources */,
				8B080DB0265675B500FAAB84 /* TodoListViewController.swift in Sources */,
				8B080DAC26565D7E00FAAB84 /* Category.swift in Sources */,
				8B080D902656513B00FAAB84 /* AppDelegate.swift in Sources */,
				8B080DA7265658C600FAAB84 /* CategoryViewController.swift in Sources */,
				8B080DAE26565D8E00FAAB84 /* Item.swift in Sources */,
				8B080D922656513B00FAAB84 /* SceneDelegate.swift in Sources */,
			);
			runOnlyForDeploymentPostprocessing = 0;
		};
/* End PBXSourcesBuildPhase section */

/* Begin PBXVariantGroup section */
		8B080D952656513B00FAAB84 /* Main.storyboard */ = {
			isa = PBXVariantGroup;
			children = (
				8B080D962656513B00FAAB84 /* Base */,
			);
			name = Main.storyboard;
			sourceTree = "<group>";
		};
		8B080D9A2656514200FAAB84 /* LaunchScreen.storyboard */ = {
			isa = PBXVariantGroup;
			children = (
				8B080D9B2656514200FAAB84 /* Base */,
			);
			name = LaunchScreen.storyboard;
			sourceTree = "<group>";
		};
/* End PBXVariantGroup section */

/* Begin XCBuildConfiguration section */
		8B080D9E2656514200FAAB84 /* Debug */ = {
			isa = XCBuildConfiguration;
			buildSettings = {
				ALWAYS_SEARCH_USER_PATHS = NO;
				CLANG_ANALYZER_NONNULL = YES;
				CLANG_ANALYZER_NUMBER_OBJECT_CONVERSION = YES_AGGRESSIVE;
				CLANG_CXX_LANGUAGE_STANDARD = "gnu++14";
				CLANG_CXX_LIBRARY = "libc++";
				CLANG_ENABLE_MODULES = YES;
				CLANG_ENABLE_OBJC_ARC = YES;
				CLANG_ENABLE_OBJC_WEAK = YES;
				CLANG_WARN_BLOCK_CAPTURE_AUTORELEASING = YES;
				CLANG_WARN_BOOL_CONVERSION = YES;
				CLANG_WARN_COMMA = YES;
				CLANG_WARN_CONSTANT_CONVERSION = YES;
				CLANG_WARN_DEPRECATED_OBJC_IMPLEMENTATIONS = YES;
				CLANG_WARN_DIRECT_OBJC_ISA_USAGE = YES_ERROR;
				CLANG_WARN_DOCUMENTATION_COMMENTS = YES;
				CLANG_WARN_EMPTY_BODY = YES;
				CLANG_WARN_ENUM_CONVERSION = YES;
				CLANG_WARN_INFINITE_RECURSION = YES;
				CLANG_WARN_INT_CONVERSION = YES;
				CLANG_WARN_NON_LITERAL_NULL_CONVERSION = YES;
				CLANG_WARN_OBJC_IMPLICIT_RETAIN_SELF = YES;
				CLANG_WARN_OBJC_LITERAL_CONVERSION = YES;
				CLANG_WARN_OBJC_ROOT_CLASS = YES_ERROR;
				CLANG_WARN_QUOTED_INCLUDE_IN_FRAMEWORK_HEADER = YES;
				CLANG_WARN_RANGE_LOOP_ANALYSIS = YES;
				CLANG_WARN_STRICT_PROTOTYPES = YES;
				CLANG_WARN_SUSPICIOUS_MOVE = YES;
				CLANG_WARN_UNGUARDED_AVAILABILITY = YES_AGGRESSIVE;
				CLANG_WARN_UNREACHABLE_CODE = YES;
				CLANG_WARN__DUPLICATE_METHOD_MATCH = YES;
				COPY_PHASE_STRIP = NO;
				DEBUG_INFORMATION_FORMAT = dwarf;
				ENABLE_STRICT_OBJC_MSGSEND = YES;
				ENABLE_TESTABILITY = YES;
				GCC_C_LANGUAGE_STANDARD = gnu11;
				GCC_DYNAMIC_NO_PIC = NO;
				GCC_NO_COMMON_BLOCKS = YES;
				GCC_OPTIMIZATION_LEVEL = 0;
				GCC_PREPROCESSOR_DEFINITIONS = (
					"DEBUG=1",
					"$(inherited)",
				);
				GCC_WARN_64_TO_32_BIT_CONVERSION = YES;
				GCC_WARN_ABOUT_RETURN_TYPE = YES_ERROR;
				GCC_WARN_UNDECLARED_SELECTOR = YES;
				GCC_WARN_UNINITIALIZED_AUTOS = YES_AGGRESSIVE;
				GCC_WARN_UNUSED_FUNCTION = YES;
				GCC_WARN_UNUSED_VARIABLE = YES;
				IPHONEOS_DEPLOYMENT_TARGET = 14.5;
				MTL_ENABLE_DEBUG_INFO = INCLUDE_SOURCE;
				MTL_FAST_MATH = YES;
				ONLY_ACTIVE_ARCH = YES;
				SDKROOT = iphoneos;
				SWIFT_ACTIVE_COMPILATION_CONDITIONS = DEBUG;
				SWIFT_OPTIMIZATION_LEVEL = "-Onone";
			};
			name = Debug;
		};
		8B080D9F2656514200FAAB84 /* Release */ = {
			isa = XCBuildConfiguration;
			buildSettings = {
				ALWAYS_SEARCH_USER_PATHS = NO;
				CLANG_ANALYZER_NONNULL = YES;
				CLANG_ANALYZER_NUMBER_OBJECT_CONVERSION = YES_AGGRESSIVE;
				CLANG_CXX_LANGUAGE_STANDARD = "gnu++14";
				CLANG_CXX_LIBRARY = "libc++";
				CLANG_ENABLE_MODULES = YES;
				CLANG_ENABLE_OBJC_ARC = YES;
				CLANG_ENABLE_OBJC_WEAK = YES;
				CLANG_WARN_BLOCK_CAPTURE_AUTORELEASING = YES;
				CLANG_WARN_BOOL_CONVERSION = YES;
				CLANG_WARN_COMMA = YES;
				CLANG_WARN_CONSTANT_CONVERSION = YES;
				CLANG_WARN_DEPRECATED_OBJC_IMPLEMENTATIONS = YES;
				CLANG_WARN_DIRECT_OBJC_ISA_USAGE = YES_ERROR;
				CLANG_WARN_DOCUMENTATION_COMMENTS = YES;
				CLANG_WARN_EMPTY_BODY = YES;
				CLANG_WARN_ENUM_CONVERSION = YES;
				CLANG_WARN_INFINITE_RECURSION = YES;
				CLANG_WARN_INT_CONVERSION = YES;
				CLANG_WARN_NON_LITERAL_NULL_CONVERSION = YES;
				CLANG_WARN_OBJC_IMPLICIT_RETAIN_SELF = YES;
				CLANG_WARN_OBJC_LITERAL_CONVERSION = YES;
				CLANG_WARN_OBJC_ROOT_CLASS = YES_ERROR;
				CLANG_WARN_QUOTED_INCLUDE_IN_FRAMEWORK_HEADER = YES;
				CLANG_WARN_RANGE_LOOP_ANALYSIS = YES;
				CLANG_WARN_STRICT_PROTOTYPES = YES;
				CLANG_WARN_SUSPICIOUS_MOVE = YES;
				CLANG_WARN_UNGUARDED_AVAILABILITY = YES_AGGRESSIVE;
				CLANG_WARN_UNREACHABLE_CODE = YES;
				CLANG_WARN__DUPLICATE_METHOD_MATCH = YES;
				COPY_PHASE_STRIP = NO;
				DEBUG_INFORMATION_FORMAT = "dwarf-with-dsym";
				ENABLE_NS_ASSERTIONS = NO;
				ENABLE_STRICT_OBJC_MSGSEND = YES;
				GCC_C_LANGUAGE_STANDARD = gnu11;
				GCC_NO_COMMON_BLOCKS = YES;
				GCC_WARN_64_TO_32_BIT_CONVERSION = YES;
				GCC_WARN_ABOUT_RETURN_TYPE = YES_ERROR;
				GCC_WARN_UNDECLARED_SELECTOR = YES;
				GCC_WARN_UNINITIALIZED_AUTOS = YES_AGGRESSIVE;
				GCC_WARN_UNUSED_FUNCTION = YES;
				GCC_WARN_UNUSED_VARIABLE = YES;
				IPHONEOS_DEPLOYMENT_TARGET = 14.5;
				MTL_ENABLE_DEBUG_INFO = NO;
				MTL_FAST_MATH = YES;
				SDKROOT = iphoneos;
				SWIFT_COMPILATION_MODE = wholemodule;
				SWIFT_OPTIMIZATION_LEVEL = "-O";
				VALIDATE_PRODUCT = YES;
			};
			name = Release;
		};
		8B080DA12656514200FAAB84 /* Debug */ = {
			isa = XCBuildConfiguration;
			baseConfigurationReference = B7707D29D98BC7CCFA6D68C6 /* Pods-AlphaTodoList.debug.xcconfig */;
			buildSettings = {
				ASSETCATALOG_COMPILER_APPICON_NAME = AppIcon;
				ASSETCATALOG_COMPILER_GLOBAL_ACCENT_COLOR_NAME = AccentColor;
				CODE_SIGN_STYLE = Automatic;
				INFOPLIST_FILE = AlphaTodoList/Info.plist;
				LD_RUNPATH_SEARCH_PATHS = (
					"$(inherited)",
					"@executable_path/Frameworks",
				);
				PRODUCT_BUNDLE_IDENTIFIER = alphasonichd.AlphaTodoList;
				PRODUCT_NAME = "$(TARGET_NAME)";
				SWIFT_VERSION = 5.0;
				TARGETED_DEVICE_FAMILY = "1,2";
			};
			name = Debug;
		};
		8B080DA22656514200FAAB84 /* Release */ = {
			isa = XCBuildConfiguration;
			baseConfigurationReference = B5144B7D67AA0AFA779828B6 /* Pods-AlphaTodoList.release.xcconfig */;
			buildSettings = {
				ASSETCATALOG_COMPILER_APPICON_NAME = AppIcon;
				ASSETCATALOG_COMPILER_GLOBAL_ACCENT_COLOR_NAME = AccentColor;
				CODE_SIGN_STYLE = Automatic;
				INFOPLIST_FILE = AlphaTodoList/Info.plist;
				LD_RUNPATH_SEARCH_PATHS = (
					"$(inherited)",
					"@executable_path/Frameworks",
				);
				PRODUCT_BUNDLE_IDENTIFIER = alphasonichd.AlphaTodoList;
				PRODUCT_NAME = "$(TARGET_NAME)";
				SWIFT_VERSION = 5.0;
				TARGETED_DEVICE_FAMILY = "1,2";
			};
			name = Release;
		};
/* End XCBuildConfiguration section */

/* Begin XCConfigurationList section */
		8B080D872656513A00FAAB84 /* Build configuration list for PBXProject "AlphaTodoList" */ = {
			isa = XCConfigurationList;
			buildConfigurations = (
				8B080D9E2656514200FAAB84 /* Debug */,
				8B080D9F2656514200FAAB84 /* Release */,
			);
			defaultConfigurationIsVisible = 0;
			defaultConfigurationName = Release;
		};
		8B080DA02656514200FAAB84 /* Build configuration list for PBXNativeTarget "AlphaTodoList" */ = {
			isa = XCConfigurationList;
			buildConfigurations = (
				8B080DA12656514200FAAB84 /* Debug */,
				8B080DA22656514200FAAB84 /* Release */,
			);
			defaultConfigurationIsVisible = 0;
			defaultConfigurationName = Release;
		};
/* End XCConfigurationList section */
	};
	rootObject = 8B080D842656513A00FAAB84 /* Project object */;
}
